
Microsoft Visual Studio Solution File, Format Version 12.00
# Visual Studio Version 16
VisualStudioVersion = 16.0.31005.135
MinimumVisualStudioVersion = 10.0.40219.1
Project("{FAE04EC0-301F-11D3-BF4B-00C04F79EFBC}") = "DotNet5.Tools.UI", "DotNet5.Tools.UI\DotNet5.Tools.UI.csproj", "{19EFF1DE-0BC0-4BF0-9FF9-826D7C3A9FA8}"
EndProject
Global
	GlobalSection(SolutionConfigurationPlatforms) = preSolution
		Debug|Any CPU = Debug|Any CPU
		Release|Any CPU = Release|Any CPU
	EndGlobalSection
	GlobalSection(ProjectConfigurationPlatforms) = postSolution
		{19EFF1DE-0BC0-4BF0-9FF9-826D7C3A9FA8}.Debug|Any CPU.ActiveCfg = Debug|Any CPU
		{19EFF1DE-0BC0-4BF0-9FF9-826D7C3A9FA8}.Debug|Any CPU.Build.0 = Debug|Any CPU
		{19EFF1DE-0BC0-4BF0-9FF9-826D7C3A9FA8}.Release|Any CPU.ActiveCfg = Release|Any CPU
		{19EFF1DE-0BC0-4BF0-9FF9-826D7C3A9FA8}.Release|Any CPU.Build.0 = Release|Any CPU
	EndGlobalSection
	GlobalSection(SolutionProperties) = preSolution
		HideSolutionNode = FALSE
	EndGlobalSection
	GlobalSection(ExtensibilityGlobals) = postSolution
		SolutionGuid = {D0EF1622-4F0D-416F-89F8-192BA2E82BD0}
	EndGlobalSection
EndGlobal
